
Microsoft Visual Studio Solution File, Format Version 12.00
Project("{2150E333-8FDC-42A3-9474-1A3956D46DE8}") = "Solution Items", "Solution Items", "{47E09B0C-7D73-478C-8AF5-73E26076DAF8}"
	ProjectSection(SolutionItems) = preProject
		compose.yaml = compose.yaml
	EndProjectSection
EndProject
Project("{2150E333-8FDC-42A3-9474-1A3956D46DE8}") = "Commons", "Commons", "{FF98BD6C-DCBC-43BD-8F92-841DF14E7860}"
EndProject
Project("{FAE04EC0-301F-11D3-BF4B-00C04F79EFBC}") = "CommonDb", "CommonDb\CommonDb.csproj", "{23253BFC-DED2-4B3C-9650-63155A950125}"
EndProject
Project("{FAE04EC0-301F-11D3-BF4B-00C04F79EFBC}") = "DbFactory", "DbFactory\DbFactory.csproj", "{95221051-0B56-49DE-88BC-512E098C22BC}"
EndProject
Project("{FAE04EC0-301F-11D3-BF4B-00C04F79EFBC}") = "CassandraExtCm", "CassandraExtCm\CassandraExtCm.csproj", "{3E80FB4B-10A2-4438-A9E4-86D311150B70}"
EndProject
Global
	GlobalSection(SolutionConfigurationPlatforms) = preSolution
		Debug|Any CPU = Debug|Any CPU
		Release|Any CPU = Release|Any CPU
	EndGlobalSection
	GlobalSection(ProjectConfigurationPlatforms) = postSolution
		{23253BFC-DED2-4B3C-9650-63155A950125}.Debug|Any CPU.ActiveCfg = Debug|Any CPU
		{23253BFC-DED2-4B3C-9650-63155A950125}.Debug|Any CPU.Build.0 = Debug|Any CPU
		{23253BFC-DED2-4B3C-9650-63155A950125}.Release|Any CPU.ActiveCfg = Release|Any CPU
		{23253BFC-DED2-4B3C-9650-63155A950125}.Release|Any CPU.Build.0 = Release|Any CPU
		{95221051-0B56-49DE-88BC-512E098C22BC}.Debug|Any CPU.ActiveCfg = Debug|Any CPU
		{95221051-0B56-49DE-88BC-512E098C22BC}.Debug|Any CPU.Build.0 = Debug|Any CPU
		{95221051-0B56-49DE-88BC-512E098C22BC}.Release|Any CPU.ActiveCfg = Release|Any CPU
		{95221051-0B56-49DE-88BC-512E098C22BC}.Release|Any CPU.Build.0 = Release|Any CPU
		{3E80FB4B-10A2-4438-A9E4-86D311150B70}.Debug|Any CPU.ActiveCfg = Debug|Any CPU
		{3E80FB4B-10A2-4438-A9E4-86D311150B70}.Debug|Any CPU.Build.0 = Debug|Any CPU
		{3E80FB4B-10A2-4438-A9E4-86D311150B70}.Release|Any CPU.ActiveCfg = Release|Any CPU
		{3E80FB4B-10A2-4438-A9E4-86D311150B70}.Release|Any CPU.Build.0 = Release|Any CPU
	EndGlobalSection
	GlobalSection(NestedProjects) = preSolution
		{23253BFC-DED2-4B3C-9650-63155A950125} = {FF98BD6C-DCBC-43BD-8F92-841DF14E7860}
		{95221051-0B56-49DE-88BC-512E098C22BC} = {FF98BD6C-DCBC-43BD-8F92-841DF14E7860}
		{3E80FB4B-10A2-4438-A9E4-86D311150B70} = {FF98BD6C-DCBC-43BD-8F92-841DF14E7860}
	EndGlobalSection
EndGlobal
