
Microsoft Visual Studio Solution File, Format Version 12.00
# Visual Studio Version 18
VisualStudioVersion = 18.3.11222.16 d18.3
MinimumVisualStudioVersion = 10.0.40219.1
Project("{2150E333-8FDC-42A3-9474-1A3956D46DE8}") = "Solution Items", "Solution Items", "{47E09B0C-7D73-478C-8AF5-73E26076DAF8}"
	ProjectSection(SolutionItems) = preProject
		compose.yaml = compose.yaml
	EndProjectSection
EndProject
Project("{2150E333-8FDC-42A3-9474-1A3956D46DE8}") = "Commons", "Commons", "{FF98BD6C-DCBC-43BD-8F92-841DF14E7860}"
EndProject
Project("{FAE04EC0-301F-11D3-BF4B-00C04F79EFBC}") = "CommonDb", "CommonDb\CommonDb.csproj", "{23253BFC-DED2-4B3C-9650-63155A950125}"
EndProject
Project("{FAE04EC0-301F-11D3-BF4B-00C04F79EFBC}") = "DbFactory", "DbFactory\DbFactory.csproj", "{95221051-0B56-49DE-88BC-512E098C22BC}"
EndProject
Project("{FAE04EC0-301F-11D3-BF4B-00C04F79EFBC}") = "CassandraExtCm", "CassandraExtCm\CassandraExtCm.csproj", "{3E80FB4B-10A2-4438-A9E4-86D311150B70}"
EndProject
Project("{FAE04EC0-301F-11D3-BF4B-00C04F79EFBC}") = "CommonMode", "CommonMode\CommonMode.csproj", "{478091E0-4ED7-4988-9615-5B47DDBA38B0}"
EndProject
Project("{FAE04EC0-301F-11D3-BF4B-00C04F79EFBC}") = "PostgresExtCm", "PostgresExtCm\PostgresExtCm.csproj", "{73FFFA1E-B270-4301-96F4-4843C15477F4}"
EndProject
Project("{FAE04EC0-301F-11D3-BF4B-00C04F79EFBC}") = "MongoDbExtCm", "MongoDbExtCm\MongoDbExtCm.csproj", "{D71B5491-BE73-4CD5-A5B6-8EA8ED9AE928}"
EndProject
Project("{FAE04EC0-301F-11D3-BF4B-00C04F79EFBC}") = "GenericEnums", "GenericEnums\GenericEnums.csproj", "{4CF4DFE8-D4FB-4CAB-B3A2-DA0439E905AF}"
EndProject
Project("{2150E333-8FDC-42A3-9474-1A3956D46DE8}") = "Projects", "Projects", "{9C82EAF5-56A7-4B98-9BAE-DCE6EFB1AA3C}"
EndProject
Project("{FAE04EC0-301F-11D3-BF4B-00C04F79EFBC}") = "ObjectHandleFlow", "ObjectHandleFlow\ObjectHandleFlow.csproj", "{8C58EFE6-2A01-4554-9A64-C916BD8A1C97}"
EndProject
Project("{2150E333-8FDC-42A3-9474-1A3956D46DE8}") = "Services", "Services", "{CF5DF33E-9A66-4ABC-A009-094B23DB6907}"
EndProject
Project("{FAE04EC0-301F-11D3-BF4B-00C04F79EFBC}") = "HandleFlow", "HandleFlow\HandleFlow.csproj", "{14A2432D-3EE5-4D5E-AA1E-FB6EB04F47E7}"
EndProject
Project("{FAE04EC0-301F-11D3-BF4B-00C04F79EFBC}") = "CommonObject", "CommonObject\CommonObject.csproj", "{94629723-3B5B-42AA-BBDD-5D9B2BAA6BBD}"
EndProject
Project("{FAE04EC0-301F-11D3-BF4B-00C04F79EFBC}") = "MssqlExtCm", "MssqlExtCm\MssqlExtCm.csproj", "{85F28C11-29AD-4BB6-A9A1-8CDE035AD6E9}"
EndProject
Project("{FAE04EC0-301F-11D3-BF4B-00C04F79EFBC}") = "SignalRExtCm", "SignalRExtCm\SignalRExtCm.csproj", "{DE949154-3E6A-43A7-9B1E-4CFC0DFCFD51}"
EndProject
Project("{FAE04EC0-301F-11D3-BF4B-00C04F79EFBC}") = "CommonWebApplication", "CommonWebApplication\CommonWebApplication.csproj", "{9B3D4B4E-134C-41D2-BF1C-216DD7FCA2B5}"
EndProject
Project("{2150E333-8FDC-42A3-9474-1A3956D46DE8}") = "Interfaces", "Interfaces", "{559B574B-9069-48AE-A3D2-1083C0708BC5}"
EndProject
Project("{FAE04EC0-301F-11D3-BF4B-00C04F79EFBC}") = "GrpcAddService", "GrpcAddService\GrpcAddService.csproj", "{4710AE18-6581-4443-A76B-FF6E438BD259}"
EndProject
Project("{2150E333-8FDC-42A3-9474-1A3956D46DE8}") = "Objects", "Objects", "{255904E1-E8C6-4FF2-913B-4A42F3DC329D}"
EndProject
Project("{FAE04EC0-301F-11D3-BF4B-00C04F79EFBC}") = "CommonGrpcObject", "CommonGrpcObject\CommonGrpcObject.csproj", "{B4F5EC78-0C28-42A4-AAD9-EB636AF12FDB}"
EndProject
Project("{FAE04EC0-301F-11D3-BF4B-00C04F79EFBC}") = "AccountServiceObject", "AccountServiceObject\AccountServiceObject.csproj", "{940F7B86-D586-4F53-A44C-3736089C2B9D}"
EndProject
Project("{FAE04EC0-301F-11D3-BF4B-00C04F79EFBC}") = "AccountService", "AccountService\AccountService.csproj", "{157976D5-9FCA-473A-AF98-0C222D3F085A}"
EndProject
Project("{FAE04EC0-301F-11D3-BF4B-00C04F79EFBC}") = "IAccountService", "IAccountService\IAccountService.csproj", "{218D8806-AA3F-4126-B4AE-E8BB9190A226}"
EndProject
Project("{FAE04EC0-301F-11D3-BF4B-00C04F79EFBC}") = "RedisExtCm", "RedisExtCm\RedisExtCm.csproj", "{707B015B-4457-4618-9A62-D7B78A799101}"
EndProject
Project("{2150E333-8FDC-42A3-9474-1A3956D46DE8}") = "Controllers", "Controllers", "{343B8B70-F07A-412E-9B86-B2BBCF028781}"
EndProject
Project("{FAE04EC0-301F-11D3-BF4B-00C04F79EFBC}") = "SSO", "SSO\SSO.csproj", "{ACFEDE0A-8CB0-4489-81C0-6ECF75F57958}"
EndProject
Project("{FAE04EC0-301F-11D3-BF4B-00C04F79EFBC}") = "IQuestionService", "IQuestionService\IQuestionService.csproj", "{F2E3B0E5-4AA9-465B-8AE3-DEA0029E02A1}"
EndProject
Project("{FAE04EC0-301F-11D3-BF4B-00C04F79EFBC}") = "QuestionServiceObject", "QuestionServiceObject\QuestionServiceObject.csproj", "{8DD49249-4133-47B0-8410-89CAD043B521}"
EndProject
Project("{FAE04EC0-301F-11D3-BF4B-00C04F79EFBC}") = "QuestionService", "QuestionService\QuestionService.csproj", "{DF0AB9BB-6E33-445A-980F-077908B3CE4A}"
EndProject
Project("{FAE04EC0-301F-11D3-BF4B-00C04F79EFBC}") = "ProjectEntry", "ProjectEntry\ProjectEntry.csproj", "{0C365713-E7CB-4CD9-84EB-59E27A92ED57}"
EndProject
Project("{FAE04EC0-301F-11D3-BF4B-00C04F79EFBC}") = "ProjectEnums", "ProjectEnums\ProjectEnums.csproj", "{467593A1-C39C-4CA5-918D-E9F857CE3635}"
EndProject
Project("{FAE04EC0-301F-11D3-BF4B-00C04F79EFBC}") = "GeneralService", "GeneralService\GeneralService.csproj", "{012C8E87-BCB2-4329-8482-8A3763A48DDD}"
EndProject
Project("{FAE04EC0-301F-11D3-BF4B-00C04F79EFBC}") = "IGeneralService", "IGeneralService\IGeneralService.csproj", "{01A6D3E4-5315-471A-A835-2BADD390FB6C}"
EndProject
Project("{FAE04EC0-301F-11D3-BF4B-00C04F79EFBC}") = "GeneralServiceObject", "GeneralServiceObject\GeneralServiceObject.csproj", "{2A0F3066-39BB-46A9-8DBD-CBDDCB6EAFCF}"
EndProject
Project("{2150E333-8FDC-42A3-9474-1A3956D46DE8}") = "Tools", "Tools", "{F146AB64-320D-47B0-9CC4-625EC16760AE}"
EndProject
Project("{FAE04EC0-301F-11D3-BF4B-00C04F79EFBC}") = "PgGenFldCode", "PgGenFldCode\PgGenFldCode.csproj", "{210D63AF-704B-482C-B1CA-72DDB494FF88}"
EndProject
Project("{FAE04EC0-301F-11D3-BF4B-00C04F79EFBC}") = "RabbitMqExtMs", "RabbitMqExtMs\RabbitMqExtMs.csproj", "{09F70916-CC5A-44B0-ADA1-7A6F7DD4551A}"
EndProject
Global
	GlobalSection(SolutionConfigurationPlatforms) = preSolution
		Debug|Any CPU = Debug|Any CPU
		Release|Any CPU = Release|Any CPU
	EndGlobalSection
	GlobalSection(ProjectConfigurationPlatforms) = postSolution
		{23253BFC-DED2-4B3C-9650-63155A950125}.Debug|Any CPU.ActiveCfg = Debug|Any CPU
		{23253BFC-DED2-4B3C-9650-63155A950125}.Debug|Any CPU.Build.0 = Debug|Any CPU
		{23253BFC-DED2-4B3C-9650-63155A950125}.Release|Any CPU.ActiveCfg = Release|Any CPU
		{23253BFC-DED2-4B3C-9650-63155A950125}.Release|Any CPU.Build.0 = Release|Any CPU
		{95221051-0B56-49DE-88BC-512E098C22BC}.Debug|Any CPU.ActiveCfg = Debug|Any CPU
		{95221051-0B56-49DE-88BC-512E098C22BC}.Debug|Any CPU.Build.0 = Debug|Any CPU
		{95221051-0B56-49DE-88BC-512E098C22BC}.Release|Any CPU.ActiveCfg = Release|Any CPU
		{95221051-0B56-49DE-88BC-512E098C22BC}.Release|Any CPU.Build.0 = Release|Any CPU
		{3E80FB4B-10A2-4438-A9E4-86D311150B70}.Debug|Any CPU.ActiveCfg = Debug|Any CPU
		{3E80FB4B-10A2-4438-A9E4-86D311150B70}.Debug|Any CPU.Build.0 = Debug|Any CPU
		{3E80FB4B-10A2-4438-A9E4-86D311150B70}.Release|Any CPU.ActiveCfg = Release|Any CPU
		{3E80FB4B-10A2-4438-A9E4-86D311150B70}.Release|Any CPU.Build.0 = Release|Any CPU
		{478091E0-4ED7-4988-9615-5B47DDBA38B0}.Debug|Any CPU.ActiveCfg = Debug|Any CPU
		{478091E0-4ED7-4988-9615-5B47DDBA38B0}.Debug|Any CPU.Build.0 = Debug|Any CPU
		{478091E0-4ED7-4988-9615-5B47DDBA38B0}.Release|Any CPU.ActiveCfg = Release|Any CPU
		{478091E0-4ED7-4988-9615-5B47DDBA38B0}.Release|Any CPU.Build.0 = Release|Any CPU
		{73FFFA1E-B270-4301-96F4-4843C15477F4}.Debug|Any CPU.ActiveCfg = Debug|Any CPU
		{73FFFA1E-B270-4301-96F4-4843C15477F4}.Debug|Any CPU.Build.0 = Debug|Any CPU
		{73FFFA1E-B270-4301-96F4-4843C15477F4}.Release|Any CPU.ActiveCfg = Release|Any CPU
		{73FFFA1E-B270-4301-96F4-4843C15477F4}.Release|Any CPU.Build.0 = Release|Any CPU
		{D71B5491-BE73-4CD5-A5B6-8EA8ED9AE928}.Debug|Any CPU.ActiveCfg = Debug|Any CPU
		{D71B5491-BE73-4CD5-A5B6-8EA8ED9AE928}.Debug|Any CPU.Build.0 = Debug|Any CPU
		{D71B5491-BE73-4CD5-A5B6-8EA8ED9AE928}.Release|Any CPU.ActiveCfg = Release|Any CPU
		{D71B5491-BE73-4CD5-A5B6-8EA8ED9AE928}.Release|Any CPU.Build.0 = Release|Any CPU
		{4CF4DFE8-D4FB-4CAB-B3A2-DA0439E905AF}.Debug|Any CPU.ActiveCfg = Debug|Any CPU
		{4CF4DFE8-D4FB-4CAB-B3A2-DA0439E905AF}.Debug|Any CPU.Build.0 = Debug|Any CPU
		{4CF4DFE8-D4FB-4CAB-B3A2-DA0439E905AF}.Release|Any CPU.ActiveCfg = Release|Any CPU
		{4CF4DFE8-D4FB-4CAB-B3A2-DA0439E905AF}.Release|Any CPU.Build.0 = Release|Any CPU
		{8C58EFE6-2A01-4554-9A64-C916BD8A1C97}.Debug|Any CPU.ActiveCfg = Debug|Any CPU
		{8C58EFE6-2A01-4554-9A64-C916BD8A1C97}.Debug|Any CPU.Build.0 = Debug|Any CPU
		{8C58EFE6-2A01-4554-9A64-C916BD8A1C97}.Release|Any CPU.ActiveCfg = Release|Any CPU
		{8C58EFE6-2A01-4554-9A64-C916BD8A1C97}.Release|Any CPU.Build.0 = Release|Any CPU
		{14A2432D-3EE5-4D5E-AA1E-FB6EB04F47E7}.Debug|Any CPU.ActiveCfg = Debug|Any CPU
		{14A2432D-3EE5-4D5E-AA1E-FB6EB04F47E7}.Debug|Any CPU.Build.0 = Debug|Any CPU
		{14A2432D-3EE5-4D5E-AA1E-FB6EB04F47E7}.Release|Any CPU.ActiveCfg = Release|Any CPU
		{14A2432D-3EE5-4D5E-AA1E-FB6EB04F47E7}.Release|Any CPU.Build.0 = Release|Any CPU
		{94629723-3B5B-42AA-BBDD-5D9B2BAA6BBD}.Debug|Any CPU.ActiveCfg = Debug|Any CPU
		{94629723-3B5B-42AA-BBDD-5D9B2BAA6BBD}.Debug|Any CPU.Build.0 = Debug|Any CPU
		{94629723-3B5B-42AA-BBDD-5D9B2BAA6BBD}.Release|Any CPU.ActiveCfg = Release|Any CPU
		{94629723-3B5B-42AA-BBDD-5D9B2BAA6BBD}.Release|Any CPU.Build.0 = Release|Any CPU
		{85F28C11-29AD-4BB6-A9A1-8CDE035AD6E9}.Debug|Any CPU.ActiveCfg = Debug|Any CPU
		{85F28C11-29AD-4BB6-A9A1-8CDE035AD6E9}.Debug|Any CPU.Build.0 = Debug|Any CPU
		{85F28C11-29AD-4BB6-A9A1-8CDE035AD6E9}.Release|Any CPU.ActiveCfg = Release|Any CPU
		{85F28C11-29AD-4BB6-A9A1-8CDE035AD6E9}.Release|Any CPU.Build.0 = Release|Any CPU
		{DE949154-3E6A-43A7-9B1E-4CFC0DFCFD51}.Debug|Any CPU.ActiveCfg = Debug|Any CPU
		{DE949154-3E6A-43A7-9B1E-4CFC0DFCFD51}.Debug|Any CPU.Build.0 = Debug|Any CPU
		{DE949154-3E6A-43A7-9B1E-4CFC0DFCFD51}.Release|Any CPU.ActiveCfg = Release|Any CPU
		{DE949154-3E6A-43A7-9B1E-4CFC0DFCFD51}.Release|Any CPU.Build.0 = Release|Any CPU
		{9B3D4B4E-134C-41D2-BF1C-216DD7FCA2B5}.Debug|Any CPU.ActiveCfg = Debug|Any CPU
		{9B3D4B4E-134C-41D2-BF1C-216DD7FCA2B5}.Debug|Any CPU.Build.0 = Debug|Any CPU
		{9B3D4B4E-134C-41D2-BF1C-216DD7FCA2B5}.Release|Any CPU.ActiveCfg = Release|Any CPU
		{9B3D4B4E-134C-41D2-BF1C-216DD7FCA2B5}.Release|Any CPU.Build.0 = Release|Any CPU
		{4710AE18-6581-4443-A76B-FF6E438BD259}.Debug|Any CPU.ActiveCfg = Debug|Any CPU
		{4710AE18-6581-4443-A76B-FF6E438BD259}.Debug|Any CPU.Build.0 = Debug|Any CPU
		{4710AE18-6581-4443-A76B-FF6E438BD259}.Release|Any CPU.ActiveCfg = Release|Any CPU
		{4710AE18-6581-4443-A76B-FF6E438BD259}.Release|Any CPU.Build.0 = Release|Any CPU
		{B4F5EC78-0C28-42A4-AAD9-EB636AF12FDB}.Debug|Any CPU.ActiveCfg = Debug|Any CPU
		{B4F5EC78-0C28-42A4-AAD9-EB636AF12FDB}.Debug|Any CPU.Build.0 = Debug|Any CPU
		{B4F5EC78-0C28-42A4-AAD9-EB636AF12FDB}.Release|Any CPU.ActiveCfg = Release|Any CPU
		{B4F5EC78-0C28-42A4-AAD9-EB636AF12FDB}.Release|Any CPU.Build.0 = Release|Any CPU
		{940F7B86-D586-4F53-A44C-3736089C2B9D}.Debug|Any CPU.ActiveCfg = Debug|Any CPU
		{940F7B86-D586-4F53-A44C-3736089C2B9D}.Debug|Any CPU.Build.0 = Debug|Any CPU
		{940F7B86-D586-4F53-A44C-3736089C2B9D}.Release|Any CPU.ActiveCfg = Release|Any CPU
		{940F7B86-D586-4F53-A44C-3736089C2B9D}.Release|Any CPU.Build.0 = Release|Any CPU
		{157976D5-9FCA-473A-AF98-0C222D3F085A}.Debug|Any CPU.ActiveCfg = Debug|Any CPU
		{157976D5-9FCA-473A-AF98-0C222D3F085A}.Debug|Any CPU.Build.0 = Debug|Any CPU
		{157976D5-9FCA-473A-AF98-0C222D3F085A}.Release|Any CPU.ActiveCfg = Release|Any CPU
		{157976D5-9FCA-473A-AF98-0C222D3F085A}.Release|Any CPU.Build.0 = Release|Any CPU
		{218D8806-AA3F-4126-B4AE-E8BB9190A226}.Debug|Any CPU.ActiveCfg = Debug|Any CPU
		{218D8806-AA3F-4126-B4AE-E8BB9190A226}.Debug|Any CPU.Build.0 = Debug|Any CPU
		{218D8806-AA3F-4126-B4AE-E8BB9190A226}.Release|Any CPU.ActiveCfg = Release|Any CPU
		{218D8806-AA3F-4126-B4AE-E8BB9190A226}.Release|Any CPU.Build.0 = Release|Any CPU
		{707B015B-4457-4618-9A62-D7B78A799101}.Debug|Any CPU.ActiveCfg = Debug|Any CPU
		{707B015B-4457-4618-9A62-D7B78A799101}.Debug|Any CPU.Build.0 = Debug|Any CPU
		{707B015B-4457-4618-9A62-D7B78A799101}.Release|Any CPU.ActiveCfg = Release|Any CPU
		{707B015B-4457-4618-9A62-D7B78A799101}.Release|Any CPU.Build.0 = Release|Any CPU
		{ACFEDE0A-8CB0-4489-81C0-6ECF75F57958}.Debug|Any CPU.ActiveCfg = Debug|Any CPU
		{ACFEDE0A-8CB0-4489-81C0-6ECF75F57958}.Debug|Any CPU.Build.0 = Debug|Any CPU
		{ACFEDE0A-8CB0-4489-81C0-6ECF75F57958}.Release|Any CPU.ActiveCfg = Release|Any CPU
		{ACFEDE0A-8CB0-4489-81C0-6ECF75F57958}.Release|Any CPU.Build.0 = Release|Any CPU
		{F2E3B0E5-4AA9-465B-8AE3-DEA0029E02A1}.Debug|Any CPU.ActiveCfg = Debug|Any CPU
		{F2E3B0E5-4AA9-465B-8AE3-DEA0029E02A1}.Debug|Any CPU.Build.0 = Debug|Any CPU
		{F2E3B0E5-4AA9-465B-8AE3-DEA0029E02A1}.Release|Any CPU.ActiveCfg = Release|Any CPU
		{F2E3B0E5-4AA9-465B-8AE3-DEA0029E02A1}.Release|Any CPU.Build.0 = Release|Any CPU
		{8DD49249-4133-47B0-8410-89CAD043B521}.Debug|Any CPU.ActiveCfg = Debug|Any CPU
		{8DD49249-4133-47B0-8410-89CAD043B521}.Debug|Any CPU.Build.0 = Debug|Any CPU
		{8DD49249-4133-47B0-8410-89CAD043B521}.Release|Any CPU.ActiveCfg = Release|Any CPU
		{8DD49249-4133-47B0-8410-89CAD043B521}.Release|Any CPU.Build.0 = Release|Any CPU
		{DF0AB9BB-6E33-445A-980F-077908B3CE4A}.Debug|Any CPU.ActiveCfg = Debug|Any CPU
		{DF0AB9BB-6E33-445A-980F-077908B3CE4A}.Debug|Any CPU.Build.0 = Debug|Any CPU
		{DF0AB9BB-6E33-445A-980F-077908B3CE4A}.Release|Any CPU.ActiveCfg = Release|Any CPU
		{DF0AB9BB-6E33-445A-980F-077908B3CE4A}.Release|Any CPU.Build.0 = Release|Any CPU
		{0C365713-E7CB-4CD9-84EB-59E27A92ED57}.Debug|Any CPU.ActiveCfg = Debug|Any CPU
		{0C365713-E7CB-4CD9-84EB-59E27A92ED57}.Debug|Any CPU.Build.0 = Debug|Any CPU
		{0C365713-E7CB-4CD9-84EB-59E27A92ED57}.Release|Any CPU.ActiveCfg = Release|Any CPU
		{0C365713-E7CB-4CD9-84EB-59E27A92ED57}.Release|Any CPU.Build.0 = Release|Any CPU
		{467593A1-C39C-4CA5-918D-E9F857CE3635}.Debug|Any CPU.ActiveCfg = Debug|Any CPU
		{467593A1-C39C-4CA5-918D-E9F857CE3635}.Debug|Any CPU.Build.0 = Debug|Any CPU
		{467593A1-C39C-4CA5-918D-E9F857CE3635}.Release|Any CPU.ActiveCfg = Release|Any CPU
		{467593A1-C39C-4CA5-918D-E9F857CE3635}.Release|Any CPU.Build.0 = Release|Any CPU
		{012C8E87-BCB2-4329-8482-8A3763A48DDD}.Debug|Any CPU.ActiveCfg = Debug|Any CPU
		{012C8E87-BCB2-4329-8482-8A3763A48DDD}.Debug|Any CPU.Build.0 = Debug|Any CPU
		{012C8E87-BCB2-4329-8482-8A3763A48DDD}.Release|Any CPU.ActiveCfg = Release|Any CPU
		{012C8E87-BCB2-4329-8482-8A3763A48DDD}.Release|Any CPU.Build.0 = Release|Any CPU
		{01A6D3E4-5315-471A-A835-2BADD390FB6C}.Debug|Any CPU.ActiveCfg = Debug|Any CPU
		{01A6D3E4-5315-471A-A835-2BADD390FB6C}.Debug|Any CPU.Build.0 = Debug|Any CPU
		{01A6D3E4-5315-471A-A835-2BADD390FB6C}.Release|Any CPU.ActiveCfg = Release|Any CPU
		{01A6D3E4-5315-471A-A835-2BADD390FB6C}.Release|Any CPU.Build.0 = Release|Any CPU
		{2A0F3066-39BB-46A9-8DBD-CBDDCB6EAFCF}.Debug|Any CPU.ActiveCfg = Debug|Any CPU
		{2A0F3066-39BB-46A9-8DBD-CBDDCB6EAFCF}.Debug|Any CPU.Build.0 = Debug|Any CPU
		{2A0F3066-39BB-46A9-8DBD-CBDDCB6EAFCF}.Release|Any CPU.ActiveCfg = Release|Any CPU
		{2A0F3066-39BB-46A9-8DBD-CBDDCB6EAFCF}.Release|Any CPU.Build.0 = Release|Any CPU
		{210D63AF-704B-482C-B1CA-72DDB494FF88}.Debug|Any CPU.ActiveCfg = Debug|Any CPU
		{210D63AF-704B-482C-B1CA-72DDB494FF88}.Debug|Any CPU.Build.0 = Debug|Any CPU
		{210D63AF-704B-482C-B1CA-72DDB494FF88}.Release|Any CPU.ActiveCfg = Release|Any CPU
		{210D63AF-704B-482C-B1CA-72DDB494FF88}.Release|Any CPU.Build.0 = Release|Any CPU
		{09F70916-CC5A-44B0-ADA1-7A6F7DD4551A}.Debug|Any CPU.ActiveCfg = Debug|Any CPU
		{09F70916-CC5A-44B0-ADA1-7A6F7DD4551A}.Debug|Any CPU.Build.0 = Debug|Any CPU
		{09F70916-CC5A-44B0-ADA1-7A6F7DD4551A}.Release|Any CPU.ActiveCfg = Release|Any CPU
		{09F70916-CC5A-44B0-ADA1-7A6F7DD4551A}.Release|Any CPU.Build.0 = Release|Any CPU
	EndGlobalSection
	GlobalSection(SolutionProperties) = preSolution
		HideSolutionNode = FALSE
	EndGlobalSection
	GlobalSection(NestedProjects) = preSolution
		{23253BFC-DED2-4B3C-9650-63155A950125} = {FF98BD6C-DCBC-43BD-8F92-841DF14E7860}
		{95221051-0B56-49DE-88BC-512E098C22BC} = {FF98BD6C-DCBC-43BD-8F92-841DF14E7860}
		{3E80FB4B-10A2-4438-A9E4-86D311150B70} = {FF98BD6C-DCBC-43BD-8F92-841DF14E7860}
		{478091E0-4ED7-4988-9615-5B47DDBA38B0} = {FF98BD6C-DCBC-43BD-8F92-841DF14E7860}
		{73FFFA1E-B270-4301-96F4-4843C15477F4} = {FF98BD6C-DCBC-43BD-8F92-841DF14E7860}
		{D71B5491-BE73-4CD5-A5B6-8EA8ED9AE928} = {FF98BD6C-DCBC-43BD-8F92-841DF14E7860}
		{4CF4DFE8-D4FB-4CAB-B3A2-DA0439E905AF} = {FF98BD6C-DCBC-43BD-8F92-841DF14E7860}
		{8C58EFE6-2A01-4554-9A64-C916BD8A1C97} = {9C82EAF5-56A7-4B98-9BAE-DCE6EFB1AA3C}
		{14A2432D-3EE5-4D5E-AA1E-FB6EB04F47E7} = {9C82EAF5-56A7-4B98-9BAE-DCE6EFB1AA3C}
		{94629723-3B5B-42AA-BBDD-5D9B2BAA6BBD} = {FF98BD6C-DCBC-43BD-8F92-841DF14E7860}
		{85F28C11-29AD-4BB6-A9A1-8CDE035AD6E9} = {FF98BD6C-DCBC-43BD-8F92-841DF14E7860}
		{DE949154-3E6A-43A7-9B1E-4CFC0DFCFD51} = {FF98BD6C-DCBC-43BD-8F92-841DF14E7860}
		{9B3D4B4E-134C-41D2-BF1C-216DD7FCA2B5} = {FF98BD6C-DCBC-43BD-8F92-841DF14E7860}
		{4710AE18-6581-4443-A76B-FF6E438BD259} = {559B574B-9069-48AE-A3D2-1083C0708BC5}
		{B4F5EC78-0C28-42A4-AAD9-EB636AF12FDB} = {FF98BD6C-DCBC-43BD-8F92-841DF14E7860}
		{940F7B86-D586-4F53-A44C-3736089C2B9D} = {255904E1-E8C6-4FF2-913B-4A42F3DC329D}
		{157976D5-9FCA-473A-AF98-0C222D3F085A} = {CF5DF33E-9A66-4ABC-A009-094B23DB6907}
		{218D8806-AA3F-4126-B4AE-E8BB9190A226} = {559B574B-9069-48AE-A3D2-1083C0708BC5}
		{707B015B-4457-4618-9A62-D7B78A799101} = {FF98BD6C-DCBC-43BD-8F92-841DF14E7860}
		{ACFEDE0A-8CB0-4489-81C0-6ECF75F57958} = {343B8B70-F07A-412E-9B86-B2BBCF028781}
		{F2E3B0E5-4AA9-465B-8AE3-DEA0029E02A1} = {559B574B-9069-48AE-A3D2-1083C0708BC5}
		{8DD49249-4133-47B0-8410-89CAD043B521} = {255904E1-E8C6-4FF2-913B-4A42F3DC329D}
		{DF0AB9BB-6E33-445A-980F-077908B3CE4A} = {CF5DF33E-9A66-4ABC-A009-094B23DB6907}
		{0C365713-E7CB-4CD9-84EB-59E27A92ED57} = {FF98BD6C-DCBC-43BD-8F92-841DF14E7860}
		{467593A1-C39C-4CA5-918D-E9F857CE3635} = {FF98BD6C-DCBC-43BD-8F92-841DF14E7860}
		{012C8E87-BCB2-4329-8482-8A3763A48DDD} = {CF5DF33E-9A66-4ABC-A009-094B23DB6907}
		{01A6D3E4-5315-471A-A835-2BADD390FB6C} = {559B574B-9069-48AE-A3D2-1083C0708BC5}
		{2A0F3066-39BB-46A9-8DBD-CBDDCB6EAFCF} = {255904E1-E8C6-4FF2-913B-4A42F3DC329D}
		{210D63AF-704B-482C-B1CA-72DDB494FF88} = {F146AB64-320D-47B0-9CC4-625EC16760AE}
		{09F70916-CC5A-44B0-ADA1-7A6F7DD4551A} = {FF98BD6C-DCBC-43BD-8F92-841DF14E7860}
	EndGlobalSection
EndGlobal
