
Microsoft Visual Studio Solution File, Format Version 12.00
Project("{2150E333-8FDC-42A3-9474-1A3956D46DE8}") = "Solution Items", "Solution Items", "{47E09B0C-7D73-478C-8AF5-73E26076DAF8}"
	ProjectSection(SolutionItems) = preProject
		compose.yaml = compose.yaml
	EndProjectSection
EndProject
Project("{2150E333-8FDC-42A3-9474-1A3956D46DE8}") = "Commons", "Commons", "{FF98BD6C-DCBC-43BD-8F92-841DF14E7860}"
EndProject
Project("{FAE04EC0-301F-11D3-BF4B-00C04F79EFBC}") = "CommonDb", "CommonDb\CommonDb.csproj", "{23253BFC-DED2-4B3C-9650-63155A950125}"
EndProject
Project("{FAE04EC0-301F-11D3-BF4B-00C04F79EFBC}") = "DbFactory", "DbFactory\DbFactory.csproj", "{95221051-0B56-49DE-88BC-512E098C22BC}"
EndProject
Project("{FAE04EC0-301F-11D3-BF4B-00C04F79EFBC}") = "CassandraExtCm", "CassandraExtCm\CassandraExtCm.csproj", "{3E80FB4B-10A2-4438-A9E4-86D311150B70}"
EndProject
Project("{FAE04EC0-301F-11D3-BF4B-00C04F79EFBC}") = "CommonMode", "CommonMode\CommonMode.csproj", "{478091E0-4ED7-4988-9615-5B47DDBA38B0}"
EndProject
Project("{FAE04EC0-301F-11D3-BF4B-00C04F79EFBC}") = "PostgresExtCm", "PostgresExtCm\PostgresExtCm.csproj", "{73FFFA1E-B270-4301-96F4-4843C15477F4}"
EndProject
Project("{FAE04EC0-301F-11D3-BF4B-00C04F79EFBC}") = "MongoDbExtCm", "MongoDbExtCm\MongoDbExtCm.csproj", "{D71B5491-BE73-4CD5-A5B6-8EA8ED9AE928}"
EndProject
Project("{FAE04EC0-301F-11D3-BF4B-00C04F79EFBC}") = "GenericEnums", "GenericEnums\GenericEnums.csproj", "{4CF4DFE8-D4FB-4CAB-B3A2-DA0439E905AF}"
EndProject
Project("{2150E333-8FDC-42A3-9474-1A3956D46DE8}") = "Projects", "Projects", "{9C82EAF5-56A7-4B98-9BAE-DCE6EFB1AA3C}"
EndProject
Project("{FAE04EC0-301F-11D3-BF4B-00C04F79EFBC}") = "HandlerFlow", "HandlerFlow\HandlerFlow.csproj", "{8C58EFE6-2A01-4554-9A64-C916BD8A1C97}"
EndProject
Project("{2150E333-8FDC-42A3-9474-1A3956D46DE8}") = "Services", "Services", "{CF5DF33E-9A66-4ABC-A009-094B23DB6907}"
EndProject
Project("{FAE04EC0-301F-11D3-BF4B-00C04F79EFBC}") = "SystemController", "SystemController\SystemController.csproj", "{14A2432D-3EE5-4D5E-AA1E-FB6EB04F47E7}"
EndProject
Global
	GlobalSection(SolutionConfigurationPlatforms) = preSolution
		Debug|Any CPU = Debug|Any CPU
		Release|Any CPU = Release|Any CPU
	EndGlobalSection
	GlobalSection(ProjectConfigurationPlatforms) = postSolution
		{23253BFC-DED2-4B3C-9650-63155A950125}.Debug|Any CPU.ActiveCfg = Debug|Any CPU
		{23253BFC-DED2-4B3C-9650-63155A950125}.Debug|Any CPU.Build.0 = Debug|Any CPU
		{23253BFC-DED2-4B3C-9650-63155A950125}.Release|Any CPU.ActiveCfg = Release|Any CPU
		{23253BFC-DED2-4B3C-9650-63155A950125}.Release|Any CPU.Build.0 = Release|Any CPU
		{95221051-0B56-49DE-88BC-512E098C22BC}.Debug|Any CPU.ActiveCfg = Debug|Any CPU
		{95221051-0B56-49DE-88BC-512E098C22BC}.Debug|Any CPU.Build.0 = Debug|Any CPU
		{95221051-0B56-49DE-88BC-512E098C22BC}.Release|Any CPU.ActiveCfg = Release|Any CPU
		{95221051-0B56-49DE-88BC-512E098C22BC}.Release|Any CPU.Build.0 = Release|Any CPU
		{3E80FB4B-10A2-4438-A9E4-86D311150B70}.Debug|Any CPU.ActiveCfg = Debug|Any CPU
		{3E80FB4B-10A2-4438-A9E4-86D311150B70}.Debug|Any CPU.Build.0 = Debug|Any CPU
		{3E80FB4B-10A2-4438-A9E4-86D311150B70}.Release|Any CPU.ActiveCfg = Release|Any CPU
		{3E80FB4B-10A2-4438-A9E4-86D311150B70}.Release|Any CPU.Build.0 = Release|Any CPU
		{478091E0-4ED7-4988-9615-5B47DDBA38B0}.Debug|Any CPU.ActiveCfg = Debug|Any CPU
		{478091E0-4ED7-4988-9615-5B47DDBA38B0}.Debug|Any CPU.Build.0 = Debug|Any CPU
		{478091E0-4ED7-4988-9615-5B47DDBA38B0}.Release|Any CPU.ActiveCfg = Release|Any CPU
		{478091E0-4ED7-4988-9615-5B47DDBA38B0}.Release|Any CPU.Build.0 = Release|Any CPU
		{73FFFA1E-B270-4301-96F4-4843C15477F4}.Debug|Any CPU.ActiveCfg = Debug|Any CPU
		{73FFFA1E-B270-4301-96F4-4843C15477F4}.Debug|Any CPU.Build.0 = Debug|Any CPU
		{73FFFA1E-B270-4301-96F4-4843C15477F4}.Release|Any CPU.ActiveCfg = Release|Any CPU
		{73FFFA1E-B270-4301-96F4-4843C15477F4}.Release|Any CPU.Build.0 = Release|Any CPU
		{D71B5491-BE73-4CD5-A5B6-8EA8ED9AE928}.Debug|Any CPU.ActiveCfg = Debug|Any CPU
		{D71B5491-BE73-4CD5-A5B6-8EA8ED9AE928}.Debug|Any CPU.Build.0 = Debug|Any CPU
		{D71B5491-BE73-4CD5-A5B6-8EA8ED9AE928}.Release|Any CPU.ActiveCfg = Release|Any CPU
		{D71B5491-BE73-4CD5-A5B6-8EA8ED9AE928}.Release|Any CPU.Build.0 = Release|Any CPU
		{4CF4DFE8-D4FB-4CAB-B3A2-DA0439E905AF}.Debug|Any CPU.ActiveCfg = Debug|Any CPU
		{4CF4DFE8-D4FB-4CAB-B3A2-DA0439E905AF}.Debug|Any CPU.Build.0 = Debug|Any CPU
		{4CF4DFE8-D4FB-4CAB-B3A2-DA0439E905AF}.Release|Any CPU.ActiveCfg = Release|Any CPU
		{4CF4DFE8-D4FB-4CAB-B3A2-DA0439E905AF}.Release|Any CPU.Build.0 = Release|Any CPU
		{8C58EFE6-2A01-4554-9A64-C916BD8A1C97}.Debug|Any CPU.ActiveCfg = Debug|Any CPU
		{8C58EFE6-2A01-4554-9A64-C916BD8A1C97}.Debug|Any CPU.Build.0 = Debug|Any CPU
		{8C58EFE6-2A01-4554-9A64-C916BD8A1C97}.Release|Any CPU.ActiveCfg = Release|Any CPU
		{8C58EFE6-2A01-4554-9A64-C916BD8A1C97}.Release|Any CPU.Build.0 = Release|Any CPU
		{14A2432D-3EE5-4D5E-AA1E-FB6EB04F47E7}.Debug|Any CPU.ActiveCfg = Debug|Any CPU
		{14A2432D-3EE5-4D5E-AA1E-FB6EB04F47E7}.Debug|Any CPU.Build.0 = Debug|Any CPU
		{14A2432D-3EE5-4D5E-AA1E-FB6EB04F47E7}.Release|Any CPU.ActiveCfg = Release|Any CPU
		{14A2432D-3EE5-4D5E-AA1E-FB6EB04F47E7}.Release|Any CPU.Build.0 = Release|Any CPU
	EndGlobalSection
	GlobalSection(NestedProjects) = preSolution
		{23253BFC-DED2-4B3C-9650-63155A950125} = {FF98BD6C-DCBC-43BD-8F92-841DF14E7860}
		{95221051-0B56-49DE-88BC-512E098C22BC} = {FF98BD6C-DCBC-43BD-8F92-841DF14E7860}
		{3E80FB4B-10A2-4438-A9E4-86D311150B70} = {FF98BD6C-DCBC-43BD-8F92-841DF14E7860}
		{478091E0-4ED7-4988-9615-5B47DDBA38B0} = {FF98BD6C-DCBC-43BD-8F92-841DF14E7860}
		{73FFFA1E-B270-4301-96F4-4843C15477F4} = {FF98BD6C-DCBC-43BD-8F92-841DF14E7860}
		{D71B5491-BE73-4CD5-A5B6-8EA8ED9AE928} = {FF98BD6C-DCBC-43BD-8F92-841DF14E7860}
		{4CF4DFE8-D4FB-4CAB-B3A2-DA0439E905AF} = {FF98BD6C-DCBC-43BD-8F92-841DF14E7860}
		{8C58EFE6-2A01-4554-9A64-C916BD8A1C97} = {9C82EAF5-56A7-4B98-9BAE-DCE6EFB1AA3C}
		{14A2432D-3EE5-4D5E-AA1E-FB6EB04F47E7} = {CF5DF33E-9A66-4ABC-A009-094B23DB6907}
	EndGlobalSection
EndGlobal
